github.com/akutz/gofsutil v0.1.2 h1:aCdWrZdxajx8kllNQSKaMDpRJWSE2wcyKNy7eDMXkrI=
github.com/akutz/gofsutil v0.1.2/go.mod h1:09JEF8dR0bTTZMQ1m3/+O1rqQyH2lG1ET34POnpzyxw=
github.com/akutz/gosync v0.1.0 h1:naxPT/aDYDh79PMwM3XmencmNQeYmpNFSZy4ZE9zIW0=
github.com/akutz/gosync v0.1.0/go.mod h1:I8I4aiqJI1nqaeYOOB1WS+CgRJVVPqhct9Y4njywM84=
github.com/container-storage-interface/spec v0.1.1-0.20180217084626-8b8a2effee24 h1:eXpYb9BukZDT9rDGm6t9DoW82l/YiUVdauUoQY4DQM0=
github.com/container-storage-interface/spec v0.1.1-0.20180217084626-8b8a2effee24/go.mod h1:6URME8mwIBbpVyZV93Ce5St17xBiQJQY67NDsuohiy4=
github.com/coreos/etcd v3.3.1+incompatible h1:NOOjb4zBJFfPb3uDxUOcwL0bqbkMqpMPJI0oULC+4D8=
github.com/coreos/etcd v3.3.1+incompatible/go.mod h1:uF7uidLiAD3TWHmW31ZFd/JWoc32PjwdhPthX9715RE=
github.com/gogo/protobuf v1.0.0 h1:2jyBKDKU/8v3v2xVR2PtiWQviFUyiaGk2rpfyFT8rTM=
github.com/gogo/protobuf v1.0.0/go.mod h1:r8qH/GZQm5c6nD/R0oafs1akxWv10x8SbQlK7atdtwQ=
github.com/golang/protobuf v0.0.0-20170902000452-17ce1425424a h1:pklYnGCcDc7eaFCzmrTM4fiNgWT5z49peC8hOVdDG88=
github.com/golang/protobuf v0.0.0-20170902000452-17ce1425424a/go.mod h1:6lQm79b+lXiMfvg/cZm0SGofjICqVBUtrP5yJMmIC1U=
github.com/inconshreveable/mousetrap v1.0.0/go.mod h1:PxqpIevigyE2G7u3NXJIT2ANytuPF1OarO4DADm73n8=
github.com/enquier/csi-vfs v0.2.2 h1:Gf6izNzXv17/hRLld/lqNe9hsJ/oh2sM2pd5onLHEu0=
github.com/enquier/csi-vfs v0.2.2/go.mod h1:xpv6arrtulIkFq3AzqJVQdctHzzXvZ6EkZfq3gfzf+g=
github.com/rexray/gocsi v0.3.4-0.20180219191239-14ceb917cd47 h1:uYSv2vZRdISEjKTtk1QbzInOeg4kJiUcnFwiKDakk2I=
github.com/rexray/gocsi v0.3.4-0.20180219191239-14ceb917cd47/go.mod h1:Ch1UhJqwcHZh8nqd003s/Brs0mzHm1T9vbDjFWl+mUE=
github.com/sirupsen/logrus v1.0.4-0.20170822132746-89742aefa4b2 h1:a07zp0wovcAE2jH+wlD22JLqUH6Rdl8Aon+NiyPxE+0=
github.com/sirupsen/logrus v1.0.4-0.20170822132746-89742aefa4b2/go.mod h1:pMByvHTf9Beacp5x1UXfOR9xyW/9antXMhjMPG0dEzc=
github.com/spf13/cobra v0.0.1/go.mod h1:1l0Ry5zgKvJasoi3XT1TypsSe7PqH0Sj9dhYf7v3XqQ=
github.com/spf13/pflag v1.0.0/go.mod h1:DYY7MBk1bdzusC3SYhjObp+wFpr4gzcvqqNjLnInEg4=
golang.org/x/crypto v0.0.0-20170825220121-81e90905daef h1:R8ubLIilYRXIXpgjOg2l/ECVs3HzVKIjJEhxSsQ91u4=
golang.org/x/crypto v0.0.0-20170825220121-81e90905daef/go.mod h1:6SG95UA2DQfeDnfUPMdvaQW0Q7yPrPDi9nlGo2tz2b4=
golang.org/x/net v0.0.0-20170828231752-66aacef3dd8a h1:DZGc/od29xzgmdBTGZL3zqLaoHS0O+qdIEYJNkOxDKM=
golang.org/x/net v0.0.0-20170828231752-66aacef3dd8a/go.mod h1:mL1N/T3taQHkDXs73rZJwtUhF3w3ftmwwsq0BUmARs4=
golang.org/x/sys v0.0.0-20170906000021-9aade4d3a3b7 h1:H4tV+g1iZRrnEh9Xnm1S1tfjIh5g2AbaQHpu5Txy3Is=
golang.org/x/sys v0.0.0-20170906000021-9aade4d3a3b7/go.mod h1:STP8DvDyc/dI5b8T5hshtkjS+E42TnysNCUPdjciGhY=
golang.org/x/text v0.0.0-20170901153044-bd91bbf73e9a h1:qqS2PhMSi15DfqqjsRlTwZNaLRKPupyg3p8hlHBT33M=
golang.org/x/text v0.0.0-20170901153044-bd91bbf73e9a/go.mod h1:NqM8EUOU14njkJ3fqMW+pc6Ldnwhi/IjpwHt7yyuwOQ=
google.golang.org/genproto v0.0.0-20170904050139-595979c8a7bf h1:kGVvEGUZ3XbatknroUPC/DUjEE0NEXVP1j3yBGdUrZU=
google.golang.org/genproto v0.0.0-20170904050139-595979c8a7bf/go.mod h1:JiN7NxoALGmiZfu7CAH4rXhgtRTLTxftemlI0sWmxmc=
google.golang.org/grpc v1.6.0 h1:vaySXtNtPrLJFCiET8QXtfBrqq16ynklmFGaZwLcd1M=
google.golang.org/grpc v1.6.0/go.mod h1:yo6s7OP7yaDglbqo1J04qKzAhqBH6lvTonzMVmEdcZw=
